
Microsoft Visual Studio Solution File, Format Version 12.00
# Visual Studio 15
VisualStudioVersion = 15.0.28307.168
MinimumVisualStudioVersion = 10.0.40219.1
Project("{FAE04EC0-301F-11D3-BF4B-00C04F79EFBC}") = "Centrotrans.Android", "Centrotrans\Centrotrans.Android\Centrotrans.Android.csproj", "{1631798D-3B8E-44E5-981B-CDB1CBA150A6}"
EndProject
Project("{FAE04EC0-301F-11D3-BF4B-00C04F79EFBC}") = "Centrotrans.iOS", "Centrotrans\Centrotrans.iOS\Centrotrans.iOS.csproj", "{B46D1709-F64A-4473-BA0A-9EADAE460190}"
EndProject
Project("{FAE04EC0-301F-11D3-BF4B-00C04F79EFBC}") = "Centrotrans.UWP", "Centrotrans\Centrotrans.UWP\Centrotrans.UWP.csproj", "{32809A30-725A-40FA-A2E3-3D91F9229DA3}"
EndProject
Project("{FAE04EC0-301F-11D3-BF4B-00C04F79EFBC}") = "Centrotrans", "Centrotrans\Centrotrans\Centrotrans.csproj", "{5510181F-6679-4916-90A9-07974980B890}"
EndProject
Global
	GlobalSection(SolutionConfigurationPlatforms) = preSolution
		Ad-Hoc|Any CPU = Ad-Hoc|Any CPU
		Ad-Hoc|ARM = Ad-Hoc|ARM
		Ad-Hoc|iPhone = Ad-Hoc|iPhone
		Ad-Hoc|iPhoneSimulator = Ad-Hoc|iPhoneSimulator
		Ad-Hoc|x64 = Ad-Hoc|x64
		Ad-Hoc|x86 = Ad-Hoc|x86
		AppStore|Any CPU = AppStore|Any CPU
		AppStore|ARM = AppStore|ARM
		AppStore|iPhone = AppStore|iPhone
		AppStore|iPhoneSimulator = AppStore|iPhoneSimulator
		AppStore|x64 = AppStore|x64
		AppStore|x86 = AppStore|x86
		Debug|Any CPU = Debug|Any CPU
		Debug|ARM = Debug|ARM
		Debug|iPhone = Debug|iPhone
		Debug|iPhoneSimulator = Debug|iPhoneSimulator
		Debug|x64 = Debug|x64
		Debug|x86 = Debug|x86
		Release|Any CPU = Release|Any CPU
		Release|ARM = Release|ARM
		Release|iPhone = Release|iPhone
		Release|iPhoneSimulator = Release|iPhoneSimulator
		Release|x64 = Release|x64
		Release|x86 = Release|x86
	EndGlobalSection
	GlobalSection(ProjectConfigurationPlatforms) = postSolution
		{1631798D-3B8E-44E5-981B-CDB1CBA150A6}.Ad-Hoc|Any CPU.ActiveCfg = Release|Any CPU
		{1631798D-3B8E-44E5-981B-CDB1CBA150A6}.Ad-Hoc|Any CPU.Build.0 = Release|Any CPU
		{1631798D-3B8E-44E5-981B-CDB1CBA150A6}.Ad-Hoc|Any CPU.Deploy.0 = Release|Any CPU
		{1631798D-3B8E-44E5-981B-CDB1CBA150A6}.Ad-Hoc|ARM.ActiveCfg = Release|Any CPU
		{1631798D-3B8E-44E5-981B-CDB1CBA150A6}.Ad-Hoc|ARM.Build.0 = Release|Any CPU
		{1631798D-3B8E-44E5-981B-CDB1CBA150A6}.Ad-Hoc|ARM.Deploy.0 = Release|Any CPU
		{1631798D-3B8E-44E5-981B-CDB1CBA150A6}.Ad-Hoc|iPhone.ActiveCfg = Release|Any CPU
		{1631798D-3B8E-44E5-981B-CDB1CBA150A6}.Ad-Hoc|iPhone.Build.0 = Release|Any CPU
		{1631798D-3B8E-44E5-981B-CDB1CBA150A6}.Ad-Hoc|iPhone.Deploy.0 = Release|Any CPU
		{1631798D-3B8E-44E5-981B-CDB1CBA150A6}.Ad-Hoc|iPhoneSimulator.ActiveCfg = Release|Any CPU
		{1631798D-3B8E-44E5-981B-CDB1CBA150A6}.Ad-Hoc|iPhoneSimulator.Build.0 = Release|Any CPU
		{1631798D-3B8E-44E5-981B-CDB1CBA150A6}.Ad-Hoc|iPhoneSimulator.Deploy.0 = Release|Any CPU
		{1631798D-3B8E-44E5-981B-CDB1CBA150A6}.Ad-Hoc|x64.ActiveCfg = Release|Any CPU
		{1631798D-3B8E-44E5-981B-CDB1CBA150A6}.Ad-Hoc|x64.Build.0 = Release|Any CPU
		{1631798D-3B8E-44E5-981B-CDB1CBA150A6}.Ad-Hoc|x64.Deploy.0 = Release|Any CPU
		{1631798D-3B8E-44E5-981B-CDB1CBA150A6}.Ad-Hoc|x86.ActiveCfg = Release|Any CPU
		{1631798D-3B8E-44E5-981B-CDB1CBA150A6}.Ad-Hoc|x86.Build.0 = Release|Any CPU
		{1631798D-3B8E-44E5-981B-CDB1CBA150A6}.Ad-Hoc|x86.Deploy.0 = Release|Any CPU
		{1631798D-3B8E-44E5-981B-CDB1CBA150A6}.AppStore|Any CPU.ActiveCfg = Release|Any CPU
		{1631798D-3B8E-44E5-981B-CDB1CBA150A6}.AppStore|Any CPU.Build.0 = Release|Any CPU
		{1631798D-3B8E-44E5-981B-CDB1CBA150A6}.AppStore|Any CPU.Deploy.0 = Release|Any CPU
		{1631798D-3B8E-44E5-981B-CDB1CBA150A6}.AppStore|ARM.ActiveCfg = Release|Any CPU
		{1631798D-3B8E-44E5-981B-CDB1CBA150A6}.AppStore|ARM.Build.0 = Release|Any CPU
		{1631798D-3B8E-44E5-981B-CDB1CBA150A6}.AppStore|ARM.Deploy.0 = Release|Any CPU
		{1631798D-3B8E-44E5-981B-CDB1CBA150A6}.AppStore|iPhone.ActiveCfg = Release|Any CPU
		{1631798D-3B8E-44E5-981B-CDB1CBA150A6}.AppStore|iPhone.Build.0 = Release|Any CPU
		{1631798D-3B8E-44E5-981B-CDB1CBA150A6}.AppStore|iPhone.Deploy.0 = Release|Any CPU
		{1631798D-3B8E-44E5-981B-CDB1CBA150A6}.AppStore|iPhoneSimulator.ActiveCfg = Release|Any CPU
		{1631798D-3B8E-44E5-981B-CDB1CBA150A6}.AppStore|iPhoneSimulator.Build.0 = Release|Any CPU
		{1631798D-3B8E-44E5-981B-CDB1CBA150A6}.AppStore|iPhoneSimulator.Deploy.0 = Release|Any CPU
		{1631798D-3B8E-44E5-981B-CDB1CBA150A6}.AppStore|x64.ActiveCfg = Release|Any CPU
		{1631798D-3B8E-44E5-981B-CDB1CBA150A6}.AppStore|x64.Build.0 = Release|Any CPU
		{1631798D-3B8E-44E5-981B-CDB1CBA150A6}.AppStore|x64.Deploy.0 = Release|Any CPU
		{1631798D-3B8E-44E5-981B-CDB1CBA150A6}.AppStore|x86.ActiveCfg = Release|Any CPU
		{1631798D-3B8E-44E5-981B-CDB1CBA150A6}.AppStore|x86.Build.0 = Release|Any CPU
		{1631798D-3B8E-44E5-981B-CDB1CBA150A6}.AppStore|x86.Deploy.0 = Release|Any CPU
		{1631798D-3B8E-44E5-981B-CDB1CBA150A6}.Debug|Any CPU.ActiveCfg = Debug|Any CPU
		{1631798D-3B8E-44E5-981B-CDB1CBA150A6}.Debug|Any CPU.Build.0 = Debug|Any CPU
		{1631798D-3B8E-44E5-981B-CDB1CBA150A6}.Debug|Any CPU.Deploy.0 = Debug|Any CPU
		{1631798D-3B8E-44E5-981B-CDB1CBA150A6}.Debug|ARM.ActiveCfg = Debug|Any CPU
		{1631798D-3B8E-44E5-981B-CDB1CBA150A6}.Debug|ARM.Build.0 = Debug|Any CPU
		{1631798D-3B8E-44E5-981B-CDB1CBA150A6}.Debug|ARM.Deploy.0 = Debug|Any CPU
		{1631798D-3B8E-44E5-981B-CDB1CBA150A6}.Debug|iPhone.ActiveCfg = Debug|Any CPU
		{1631798D-3B8E-44E5-981B-CDB1CBA150A6}.Debug|iPhone.Build.0 = Debug|Any CPU
		{1631798D-3B8E-44E5-981B-CDB1CBA150A6}.Debug|iPhone.Deploy.0 = Debug|Any CPU
		{1631798D-3B8E-44E5-981B-CDB1CBA150A6}.Debug|iPhoneSimulator.ActiveCfg = Debug|Any CPU
		{1631798D-3B8E-44E5-981B-CDB1CBA150A6}.Debug|iPhoneSimulator.Build.0 = Debug|Any CPU
		{1631798D-3B8E-44E5-981B-CDB1CBA150A6}.Debug|iPhoneSimulator.Deploy.0 = Debug|Any CPU
		{1631798D-3B8E-44E5-981B-CDB1CBA150A6}.Debug|x64.ActiveCfg = Debug|Any CPU
		{1631798D-3B8E-44E5-981B-CDB1CBA150A6}.Debug|x64.Build.0 = Debug|Any CPU
		{1631798D-3B8E-44E5-981B-CDB1CBA150A6}.Debug|x64.Deploy.0 = Debug|Any CPU
		{1631798D-3B8E-44E5-981B-CDB1CBA150A6}.Debug|x86.ActiveCfg = Debug|Any CPU
		{1631798D-3B8E-44E5-981B-CDB1CBA150A6}.Debug|x86.Build.0 = Debug|Any CPU
		{1631798D-3B8E-44E5-981B-CDB1CBA150A6}.Debug|x86.Deploy.0 = Debug|Any CPU
		{1631798D-3B8E-44E5-981B-CDB1CBA150A6}.Release|Any CPU.ActiveCfg = Release|Any CPU
		{1631798D-3B8E-44E5-981B-CDB1CBA150A6}.Release|Any CPU.Build.0 = Release|Any CPU
		{1631798D-3B8E-44E5-981B-CDB1CBA150A6}.Release|Any CPU.Deploy.0 = Release|Any CPU
		{1631798D-3B8E-44E5-981B-CDB1CBA150A6}.Release|ARM.ActiveCfg = Release|Any CPU
		{1631798D-3B8E-44E5-981B-CDB1CBA150A6}.Release|ARM.Build.0 = Release|Any CPU
		{1631798D-3B8E-44E5-981B-CDB1CBA150A6}.Release|ARM.Deploy.0 = Release|Any CPU
		{1631798D-3B8E-44E5-981B-CDB1CBA150A6}.Release|iPhone.ActiveCfg = Release|Any CPU
		{1631798D-3B8E-44E5-981B-CDB1CBA150A6}.Release|iPhone.Build.0 = Release|Any CPU
		{1631798D-3B8E-44E5-981B-CDB1CBA150A6}.Release|iPhone.Deploy.0 = Release|Any CPU
		{1631798D-3B8E-44E5-981B-CDB1CBA150A6}.Release|iPhoneSimulator.ActiveCfg = Release|Any CPU
		{1631798D-3B8E-44E5-981B-CDB1CBA150A6}.Release|iPhoneSimulator.Build.0 = Release|Any CPU
		{1631798D-3B8E-44E5-981B-CDB1CBA150A6}.Release|iPhoneSimulator.Deploy.0 = Release|Any CPU
		{1631798D-3B8E-44E5-981B-CDB1CBA150A6}.Release|x64.ActiveCfg = Release|Any CPU
		{1631798D-3B8E-44E5-981B-CDB1CBA150A6}.Release|x64.Build.0 = Release|Any CPU
		{1631798D-3B8E-44E5-981B-CDB1CBA150A6}.Release|x64.Deploy.0 = Release|Any CPU
		{1631798D-3B8E-44E5-981B-CDB1CBA150A6}.Release|x86.ActiveCfg = Release|Any CPU
		{1631798D-3B8E-44E5-981B-CDB1CBA150A6}.Release|x86.Build.0 = Release|Any CPU
		{1631798D-3B8E-44E5-981B-CDB1CBA150A6}.Release|x86.Deploy.0 = Release|Any CPU
		{B46D1709-F64A-4473-BA0A-9EADAE460190}.Ad-Hoc|Any CPU.ActiveCfg = Ad-Hoc|iPhone
		{B46D1709-F64A-4473-BA0A-9EADAE460190}.Ad-Hoc|Any CPU.Build.0 = Ad-Hoc|iPhone
		{B46D1709-F64A-4473-BA0A-9EADAE460190}.Ad-Hoc|Any CPU.Deploy.0 = Ad-Hoc|iPhone
		{B46D1709-F64A-4473-BA0A-9EADAE460190}.Ad-Hoc|ARM.ActiveCfg = Ad-Hoc|iPhone
		{B46D1709-F64A-4473-BA0A-9EADAE460190}.Ad-Hoc|ARM.Build.0 = Ad-Hoc|iPhone
		{B46D1709-F64A-4473-BA0A-9EADAE460190}.Ad-Hoc|ARM.Deploy.0 = Ad-Hoc|iPhone
		{B46D1709-F64A-4473-BA0A-9EADAE460190}.Ad-Hoc|iPhone.ActiveCfg = Ad-Hoc|iPhone
		{B46D1709-F64A-4473-BA0A-9EADAE460190}.Ad-Hoc|iPhone.Build.0 = Ad-Hoc|iPhone
		{B46D1709-F64A-4473-BA0A-9EADAE460190}.Ad-Hoc|iPhone.Deploy.0 = Ad-Hoc|iPhone
		{B46D1709-F64A-4473-BA0A-9EADAE460190}.Ad-Hoc|iPhoneSimulator.ActiveCfg = Ad-Hoc|iPhoneSimulator
		{B46D1709-F64A-4473-BA0A-9EADAE460190}.Ad-Hoc|iPhoneSimulator.Build.0 = Ad-Hoc|iPhoneSimulator
		{B46D1709-F64A-4473-BA0A-9EADAE460190}.Ad-Hoc|iPhoneSimulator.Deploy.0 = Ad-Hoc|iPhoneSimulator
		{B46D1709-F64A-4473-BA0A-9EADAE460190}.Ad-Hoc|x64.ActiveCfg = Ad-Hoc|iPhone
		{B46D1709-F64A-4473-BA0A-9EADAE460190}.Ad-Hoc|x64.Build.0 = Ad-Hoc|iPhone
		{B46D1709-F64A-4473-BA0A-9EADAE460190}.Ad-Hoc|x64.Deploy.0 = Ad-Hoc|iPhone
		{B46D1709-F64A-4473-BA0A-9EADAE460190}.Ad-Hoc|x86.ActiveCfg = Ad-Hoc|iPhone
		{B46D1709-F64A-4473-BA0A-9EADAE460190}.Ad-Hoc|x86.Build.0 = Ad-Hoc|iPhone
		{B46D1709-F64A-4473-BA0A-9EADAE460190}.Ad-Hoc|x86.Deploy.0 = Ad-Hoc|iPhone
		{B46D1709-F64A-4473-BA0A-9EADAE460190}.AppStore|Any CPU.ActiveCfg = AppStore|iPhone
		{B46D1709-F64A-4473-BA0A-9EADAE460190}.AppStore|Any CPU.Build.0 = AppStore|iPhone
		{B46D1709-F64A-4473-BA0A-9EADAE460190}.AppStore|Any CPU.Deploy.0 = AppStore|iPhone
		{B46D1709-F64A-4473-BA0A-9EADAE460190}.AppStore|ARM.ActiveCfg = AppStore|iPhone
		{B46D1709-F64A-4473-BA0A-9EADAE460190}.AppStore|ARM.Build.0 = AppStore|iPhone
		{B46D1709-F64A-4473-BA0A-9EADAE460190}.AppStore|ARM.Deploy.0 = AppStore|iPhone
		{B46D1709-F64A-4473-BA0A-9EADAE460190}.AppStore|iPhone.ActiveCfg = AppStore|iPhone
		{B46D1709-F64A-4473-BA0A-9EADAE460190}.AppStore|iPhone.Build.0 = AppStore|iPhone
		{B46D1709-F64A-4473-BA0A-9EADAE460190}.AppStore|iPhone.Deploy.0 = AppStore|iPhone
		{B46D1709-F64A-4473-BA0A-9EADAE460190}.AppStore|iPhoneSimulator.ActiveCfg = AppStore|iPhoneSimulator
		{B46D1709-F64A-4473-BA0A-9EADAE460190}.AppStore|iPhoneSimulator.Build.0 = AppStore|iPhoneSimulator
		{B46D1709-F64A-4473-BA0A-9EADAE460190}.AppStore|iPhoneSimulator.Deploy.0 = AppStore|iPhoneSimulator
		{B46D1709-F64A-4473-BA0A-9EADAE460190}.AppStore|x64.ActiveCfg = AppStore|iPhone
		{B46D1709-F64A-4473-BA0A-9EADAE460190}.AppStore|x64.Build.0 = AppStore|iPhone
		{B46D1709-F64A-4473-BA0A-9EADAE460190}.AppStore|x64.Deploy.0 = AppStore|iPhone
		{B46D1709-F64A-4473-BA0A-9EADAE460190}.AppStore|x86.ActiveCfg = AppStore|iPhone
		{B46D1709-F64A-4473-BA0A-9EADAE460190}.AppStore|x86.Build.0 = AppStore|iPhone
		{B46D1709-F64A-4473-BA0A-9EADAE460190}.AppStore|x86.Deploy.0 = AppStore|iPhone
		{B46D1709-F64A-4473-BA0A-9EADAE460190}.Debug|Any CPU.ActiveCfg = Debug|iPhoneSimulator
		{B46D1709-F64A-4473-BA0A-9EADAE460190}.Debug|Any CPU.Build.0 = Debug|iPhoneSimulator
		{B46D1709-F64A-4473-BA0A-9EADAE460190}.Debug|Any CPU.Deploy.0 = Debug|iPhoneSimulator
		{B46D1709-F64A-4473-BA0A-9EADAE460190}.Debug|ARM.ActiveCfg = Debug|iPhone
		{B46D1709-F64A-4473-BA0A-9EADAE460190}.Debug|ARM.Build.0 = Debug|iPhone
		{B46D1709-F64A-4473-BA0A-9EADAE460190}.Debug|ARM.Deploy.0 = Debug|iPhone
		{B46D1709-F64A-4473-BA0A-9EADAE460190}.Debug|iPhone.ActiveCfg = Debug|iPhone
		{B46D1709-F64A-4473-BA0A-9EADAE460190}.Debug|iPhone.Build.0 = Debug|iPhone
		{B46D1709-F64A-4473-BA0A-9EADAE460190}.Debug|iPhone.Deploy.0 = Debug|iPhone
		{B46D1709-F64A-4473-BA0A-9EADAE460190}.Debug|iPhoneSimulator.ActiveCfg = Debug|iPhoneSimulator
		{B46D1709-F64A-4473-BA0A-9EADAE460190}.Debug|iPhoneSimulator.Build.0 = Debug|iPhoneSimulator
		{B46D1709-F64A-4473-BA0A-9EADAE460190}.Debug|iPhoneSimulator.Deploy.0 = Debug|iPhoneSimulator
		{B46D1709-F64A-4473-BA0A-9EADAE460190}.Debug|x64.ActiveCfg = Debug|iPhone
		{B46D1709-F64A-4473-BA0A-9EADAE460190}.Debug|x64.Build.0 = Debug|iPhone
		{B46D1709-F64A-4473-BA0A-9EADAE460190}.Debug|x64.Deploy.0 = Debug|iPhone
		{B46D1709-F64A-4473-BA0A-9EADAE460190}.Debug|x86.ActiveCfg = Debug|iPhone
		{B46D1709-F64A-4473-BA0A-9EADAE460190}.Debug|x86.Build.0 = Debug|iPhone
		{B46D1709-F64A-4473-BA0A-9EADAE460190}.Debug|x86.Deploy.0 = Debug|iPhone
		{B46D1709-F64A-4473-BA0A-9EADAE460190}.Release|Any CPU.ActiveCfg = Release|iPhone
		{B46D1709-F64A-4473-BA0A-9EADAE460190}.Release|Any CPU.Build.0 = Release|iPhone
		{B46D1709-F64A-4473-BA0A-9EADAE460190}.Release|Any CPU.Deploy.0 = Release|iPhone
		{B46D1709-F64A-4473-BA0A-9EADAE460190}.Release|ARM.ActiveCfg = Release|iPhone
		{B46D1709-F64A-4473-BA0A-9EADAE460190}.Release|ARM.Build.0 = Release|iPhone
		{B46D1709-F64A-4473-BA0A-9EADAE460190}.Release|ARM.Deploy.0 = Release|iPhone
		{B46D1709-F64A-4473-BA0A-9EADAE460190}.Release|iPhone.ActiveCfg = Release|iPhone
		{B46D1709-F64A-4473-BA0A-9EADAE460190}.Release|iPhone.Build.0 = Release|iPhone
		{B46D1709-F64A-4473-BA0A-9EADAE460190}.Release|iPhone.Deploy.0 = Release|iPhone
		{B46D1709-F64A-4473-BA0A-9EADAE460190}.Release|iPhoneSimulator.ActiveCfg = Release|iPhoneSimulator
		{B46D1709-F64A-4473-BA0A-9EADAE460190}.Release|iPhoneSimulator.Build.0 = Release|iPhoneSimulator
		{B46D1709-F64A-4473-BA0A-9EADAE460190}.Release|iPhoneSimulator.Deploy.0 = Release|iPhoneSimulator
		{B46D1709-F64A-4473-BA0A-9EADAE460190}.Release|x64.ActiveCfg = Release|iPhone
		{B46D1709-F64A-4473-BA0A-9EADAE460190}.Release|x64.Build.0 = Release|iPhone
		{B46D1709-F64A-4473-BA0A-9EADAE460190}.Release|x64.Deploy.0 = Release|iPhone
		{B46D1709-F64A-4473-BA0A-9EADAE460190}.Release|x86.ActiveCfg = Release|iPhone
		{B46D1709-F64A-4473-BA0A-9EADAE460190}.Release|x86.Build.0 = Release|iPhone
		{B46D1709-F64A-4473-BA0A-9EADAE460190}.Release|x86.Deploy.0 = Release|iPhone
		{32809A30-725A-40FA-A2E3-3D91F9229DA3}.Ad-Hoc|Any CPU.ActiveCfg = Release|x86
		{32809A30-725A-40FA-A2E3-3D91F9229DA3}.Ad-Hoc|Any CPU.Build.0 = Release|x86
		{32809A30-725A-40FA-A2E3-3D91F9229DA3}.Ad-Hoc|Any CPU.Deploy.0 = Release|x86
		{32809A30-725A-40FA-A2E3-3D91F9229DA3}.Ad-Hoc|ARM.ActiveCfg = Release|ARM
		{32809A30-725A-40FA-A2E3-3D91F9229DA3}.Ad-Hoc|ARM.Build.0 = Release|ARM
		{32809A30-725A-40FA-A2E3-3D91F9229DA3}.Ad-Hoc|ARM.Deploy.0 = Release|ARM
		{32809A30-725A-40FA-A2E3-3D91F9229DA3}.Ad-Hoc|iPhone.ActiveCfg = Release|x86
		{32809A30-725A-40FA-A2E3-3D91F9229DA3}.Ad-Hoc|iPhone.Build.0 = Release|x86
		{32809A30-725A-40FA-A2E3-3D91F9229DA3}.Ad-Hoc|iPhone.Deploy.0 = Release|x86
		{32809A30-725A-40FA-A2E3-3D91F9229DA3}.Ad-Hoc|iPhoneSimulator.ActiveCfg = Release|x86
		{32809A30-725A-40FA-A2E3-3D91F9229DA3}.Ad-Hoc|iPhoneSimulator.Build.0 = Release|x86
		{32809A30-725A-40FA-A2E3-3D91F9229DA3}.Ad-Hoc|iPhoneSimulator.Deploy.0 = Release|x86
		{32809A30-725A-40FA-A2E3-3D91F9229DA3}.Ad-Hoc|x64.ActiveCfg = Release|x64
		{32809A30-725A-40FA-A2E3-3D91F9229DA3}.Ad-Hoc|x64.Build.0 = Release|x64
		{32809A30-725A-40FA-A2E3-3D91F9229DA3}.Ad-Hoc|x64.Deploy.0 = Release|x64
		{32809A30-725A-40FA-A2E3-3D91F9229DA3}.Ad-Hoc|x86.ActiveCfg = Release|x86
		{32809A30-725A-40FA-A2E3-3D91F9229DA3}.Ad-Hoc|x86.Build.0 = Release|x86
		{32809A30-725A-40FA-A2E3-3D91F9229DA3}.Ad-Hoc|x86.Deploy.0 = Release|x86
		{32809A30-725A-40FA-A2E3-3D91F9229DA3}.AppStore|Any CPU.ActiveCfg = Release|x86
		{32809A30-725A-40FA-A2E3-3D91F9229DA3}.AppStore|Any CPU.Build.0 = Release|x86
		{32809A30-725A-40FA-A2E3-3D91F9229DA3}.AppStore|Any CPU.Deploy.0 = Release|x86
		{32809A30-725A-40FA-A2E3-3D91F9229DA3}.AppStore|ARM.ActiveCfg = Release|ARM
		{32809A30-725A-40FA-A2E3-3D91F9229DA3}.AppStore|ARM.Build.0 = Release|ARM
		{32809A30-725A-40FA-A2E3-3D91F9229DA3}.AppStore|ARM.Deploy.0 = Release|ARM
		{32809A30-725A-40FA-A2E3-3D91F9229DA3}.AppStore|iPhone.ActiveCfg = Release|x86
		{32809A30-725A-40FA-A2E3-3D91F9229DA3}.AppStore|iPhone.Build.0 = Release|x86
		{32809A30-725A-40FA-A2E3-3D91F9229DA3}.AppStore|iPhone.Deploy.0 = Release|x86
		{32809A30-725A-40FA-A2E3-3D91F9229DA3}.AppStore|iPhoneSimulator.ActiveCfg = Release|x86
		{32809A30-725A-40FA-A2E3-3D91F9229DA3}.AppStore|iPhoneSimulator.Build.0 = Release|x86
		{32809A30-725A-40FA-A2E3-3D91F9229DA3}.AppStore|iPhoneSimulator.Deploy.0 = Release|x86
		{32809A30-725A-40FA-A2E3-3D91F9229DA3}.AppStore|x64.ActiveCfg = Release|x64
		{32809A30-725A-40FA-A2E3-3D91F9229DA3}.AppStore|x64.Build.0 = Release|x64
		{32809A30-725A-40FA-A2E3-3D91F9229DA3}.AppStore|x64.Deploy.0 = Release|x64
		{32809A30-725A-40FA-A2E3-3D91F9229DA3}.AppStore|x86.ActiveCfg = Release|x86
		{32809A30-725A-40FA-A2E3-3D91F9229DA3}.AppStore|x86.Build.0 = Release|x86
		{32809A30-725A-40FA-A2E3-3D91F9229DA3}.AppStore|x86.Deploy.0 = Release|x86
		{32809A30-725A-40FA-A2E3-3D91F9229DA3}.Debug|Any CPU.ActiveCfg = Debug|x86
		{32809A30-725A-40FA-A2E3-3D91F9229DA3}.Debug|Any CPU.Build.0 = Debug|x86
		{32809A30-725A-40FA-A2E3-3D91F9229DA3}.Debug|Any CPU.Deploy.0 = Debug|x86
		{32809A30-725A-40FA-A2E3-3D91F9229DA3}.Debug|ARM.ActiveCfg = Debug|ARM
		{32809A30-725A-40FA-A2E3-3D91F9229DA3}.Debug|ARM.Build.0 = Debug|ARM
		{32809A30-725A-40FA-A2E3-3D91F9229DA3}.Debug|ARM.Deploy.0 = Debug|ARM
		{32809A30-725A-40FA-A2E3-3D91F9229DA3}.Debug|iPhone.ActiveCfg = Debug|x86
		{32809A30-725A-40FA-A2E3-3D91F9229DA3}.Debug|iPhone.Build.0 = Debug|x86
		{32809A30-725A-40FA-A2E3-3D91F9229DA3}.Debug|iPhone.Deploy.0 = Debug|x86
		{32809A30-725A-40FA-A2E3-3D91F9229DA3}.Debug|iPhoneSimulator.ActiveCfg = Debug|x86
		{32809A30-725A-40FA-A2E3-3D91F9229DA3}.Debug|iPhoneSimulator.Build.0 = Debug|x86
		{32809A30-725A-40FA-A2E3-3D91F9229DA3}.Debug|iPhoneSimulator.Deploy.0 = Debug|x86
		{32809A30-725A-40FA-A2E3-3D91F9229DA3}.Debug|x64.ActiveCfg = Debug|x64
		{32809A30-725A-40FA-A2E3-3D91F9229DA3}.Debug|x64.Build.0 = Debug|x64
		{32809A30-725A-40FA-A2E3-3D91F9229DA3}.Debug|x64.Deploy.0 = Debug|x64
		{32809A30-725A-40FA-A2E3-3D91F9229DA3}.Debug|x86.ActiveCfg = Debug|x86
		{32809A30-725A-40FA-A2E3-3D91F9229DA3}.Debug|x86.Build.0 = Debug|x86
		{32809A30-725A-40FA-A2E3-3D91F9229DA3}.Debug|x86.Deploy.0 = Debug|x86
		{32809A30-725A-40FA-A2E3-3D91F9229DA3}.Release|Any CPU.ActiveCfg = Release|x86
		{32809A30-725A-40FA-A2E3-3D91F9229DA3}.Release|Any CPU.Build.0 = Release|x86
		{32809A30-725A-40FA-A2E3-3D91F9229DA3}.Release|Any CPU.Deploy.0 = Release|x86
		{32809A30-725A-40FA-A2E3-3D91F9229DA3}.Release|ARM.ActiveCfg = Release|ARM
		{32809A30-725A-40FA-A2E3-3D91F9229DA3}.Release|ARM.Build.0 = Release|ARM
		{32809A30-725A-40FA-A2E3-3D91F9229DA3}.Release|ARM.Deploy.0 = Release|ARM
		{32809A30-725A-40FA-A2E3-3D91F9229DA3}.Release|iPhone.ActiveCfg = Release|x86
		{32809A30-725A-40FA-A2E3-3D91F9229DA3}.Release|iPhone.Build.0 = Release|x86
		{32809A30-725A-40FA-A2E3-3D91F9229DA3}.Release|iPhone.Deploy.0 = Release|x86
		{32809A30-725A-40FA-A2E3-3D91F9229DA3}.Release|iPhoneSimulator.ActiveCfg = Release|x86
		{32809A30-725A-40FA-A2E3-3D91F9229DA3}.Release|iPhoneSimulator.Build.0 = Release|x86
		{32809A30-725A-40FA-A2E3-3D91F9229DA3}.Release|iPhoneSimulator.Deploy.0 = Release|x86
		{32809A30-725A-40FA-A2E3-3D91F9229DA3}.Release|x64.ActiveCfg = Release|x64
		{32809A30-725A-40FA-A2E3-3D91F9229DA3}.Release|x64.Build.0 = Release|x64
		{32809A30-725A-40FA-A2E3-3D91F9229DA3}.Release|x64.Deploy.0 = Release|x64
		{32809A30-725A-40FA-A2E3-3D91F9229DA3}.Release|x86.ActiveCfg = Release|x86
		{32809A30-725A-40FA-A2E3-3D91F9229DA3}.Release|x86.Build.0 = Release|x86
		{32809A30-725A-40FA-A2E3-3D91F9229DA3}.Release|x86.Deploy.0 = Release|x86
		{5510181F-6679-4916-90A9-07974980B890}.Ad-Hoc|Any CPU.ActiveCfg = Debug|Any CPU
		{5510181F-6679-4916-90A9-07974980B890}.Ad-Hoc|Any CPU.Build.0 = Debug|Any CPU
		{5510181F-6679-4916-90A9-07974980B890}.Ad-Hoc|Any CPU.Deploy.0 = Debug|Any CPU
		{5510181F-6679-4916-90A9-07974980B890}.Ad-Hoc|ARM.ActiveCfg = Debug|Any CPU
		{5510181F-6679-4916-90A9-07974980B890}.Ad-Hoc|ARM.Build.0 = Debug|Any CPU
		{5510181F-6679-4916-90A9-07974980B890}.Ad-Hoc|ARM.Deploy.0 = Debug|Any CPU
		{5510181F-6679-4916-90A9-07974980B890}.Ad-Hoc|iPhone.ActiveCfg = Debug|Any CPU
		{5510181F-6679-4916-90A9-07974980B890}.Ad-Hoc|iPhone.Build.0 = Debug|Any CPU
		{5510181F-6679-4916-90A9-07974980B890}.Ad-Hoc|iPhone.Deploy.0 = Debug|Any CPU
		{5510181F-6679-4916-90A9-07974980B890}.Ad-Hoc|iPhoneSimulator.ActiveCfg = Debug|Any CPU
		{5510181F-6679-4916-90A9-07974980B890}.Ad-Hoc|iPhoneSimulator.Build.0 = Debug|Any CPU
		{5510181F-6679-4916-90A9-07974980B890}.Ad-Hoc|iPhoneSimulator.Deploy.0 = Debug|Any CPU
		{5510181F-6679-4916-90A9-07974980B890}.Ad-Hoc|x64.ActiveCfg = Debug|Any CPU
		{5510181F-6679-4916-90A9-07974980B890}.Ad-Hoc|x64.Build.0 = Debug|Any CPU
		{5510181F-6679-4916-90A9-07974980B890}.Ad-Hoc|x64.Deploy.0 = Debug|Any CPU
		{5510181F-6679-4916-90A9-07974980B890}.Ad-Hoc|x86.ActiveCfg = Debug|Any CPU
		{5510181F-6679-4916-90A9-07974980B890}.Ad-Hoc|x86.Build.0 = Debug|Any CPU
		{5510181F-6679-4916-90A9-07974980B890}.Ad-Hoc|x86.Deploy.0 = Debug|Any CPU
		{5510181F-6679-4916-90A9-07974980B890}.AppStore|Any CPU.ActiveCfg = Debug|Any CPU
		{5510181F-6679-4916-90A9-07974980B890}.AppStore|Any CPU.Build.0 = Debug|Any CPU
		{5510181F-6679-4916-90A9-07974980B890}.AppStore|Any CPU.Deploy.0 = Debug|Any CPU
		{5510181F-6679-4916-90A9-07974980B890}.AppStore|ARM.ActiveCfg = Debug|Any CPU
		{5510181F-6679-4916-90A9-07974980B890}.AppStore|ARM.Build.0 = Debug|Any CPU
		{5510181F-6679-4916-90A9-07974980B890}.AppStore|ARM.Deploy.0 = Debug|Any CPU
		{5510181F-6679-4916-90A9-07974980B890}.AppStore|iPhone.ActiveCfg = Debug|Any CPU
		{5510181F-6679-4916-90A9-07974980B890}.AppStore|iPhone.Build.0 = Debug|Any CPU
		{5510181F-6679-4916-90A9-07974980B890}.AppStore|iPhone.Deploy.0 = Debug|Any CPU
		{5510181F-6679-4916-90A9-07974980B890}.AppStore|iPhoneSimulator.ActiveCfg = Debug|Any CPU
		{5510181F-6679-4916-90A9-07974980B890}.AppStore|iPhoneSimulator.Build.0 = Debug|Any CPU
		{5510181F-6679-4916-90A9-07974980B890}.AppStore|iPhoneSimulator.Deploy.0 = Debug|Any CPU
		{5510181F-6679-4916-90A9-07974980B890}.AppStore|x64.ActiveCfg = Debug|Any CPU
		{5510181F-6679-4916-90A9-07974980B890}.AppStore|x64.Build.0 = Debug|Any CPU
		{5510181F-6679-4916-90A9-07974980B890}.AppStore|x64.Deploy.0 = Debug|Any CPU
		{5510181F-6679-4916-90A9-07974980B890}.AppStore|x86.ActiveCfg = Debug|Any CPU
		{5510181F-6679-4916-90A9-07974980B890}.AppStore|x86.Build.0 = Debug|Any CPU
		{5510181F-6679-4916-90A9-07974980B890}.AppStore|x86.Deploy.0 = Debug|Any CPU
		{5510181F-6679-4916-90A9-07974980B890}.Debug|Any CPU.ActiveCfg = Debug|Any CPU
		{5510181F-6679-4916-90A9-07974980B890}.Debug|Any CPU.Build.0 = Debug|Any CPU
		{5510181F-6679-4916-90A9-07974980B890}.Debug|Any CPU.Deploy.0 = Debug|Any CPU
		{5510181F-6679-4916-90A9-07974980B890}.Debug|ARM.ActiveCfg = Debug|Any CPU
		{5510181F-6679-4916-90A9-07974980B890}.Debug|ARM.Build.0 = Debug|Any CPU
		{5510181F-6679-4916-90A9-07974980B890}.Debug|ARM.Deploy.0 = Debug|Any CPU
		{5510181F-6679-4916-90A9-07974980B890}.Debug|iPhone.ActiveCfg = Debug|Any CPU
		{5510181F-6679-4916-90A9-07974980B890}.Debug|iPhone.Build.0 = Debug|Any CPU
		{5510181F-6679-4916-90A9-07974980B890}.Debug|iPhone.Deploy.0 = Debug|Any CPU
		{5510181F-6679-4916-90A9-07974980B890}.Debug|iPhoneSimulator.ActiveCfg = Debug|Any CPU
		{5510181F-6679-4916-90A9-07974980B890}.Debug|iPhoneSimulator.Build.0 = Debug|Any CPU
		{5510181F-6679-4916-90A9-07974980B890}.Debug|iPhoneSimulator.Deploy.0 = Debug|Any CPU
		{5510181F-6679-4916-90A9-07974980B890}.Debug|x64.ActiveCfg = Debug|Any CPU
		{5510181F-6679-4916-90A9-07974980B890}.Debug|x64.Build.0 = Debug|Any CPU
		{5510181F-6679-4916-90A9-07974980B890}.Debug|x64.Deploy.0 = Debug|Any CPU
		{5510181F-6679-4916-90A9-07974980B890}.Debug|x86.ActiveCfg = Debug|Any CPU
		{5510181F-6679-4916-90A9-07974980B890}.Debug|x86.Build.0 = Debug|Any CPU
		{5510181F-6679-4916-90A9-07974980B890}.Debug|x86.Deploy.0 = Debug|Any CPU
		{5510181F-6679-4916-90A9-07974980B890}.Release|Any CPU.ActiveCfg = Release|Any CPU
		{5510181F-6679-4916-90A9-07974980B890}.Release|Any CPU.Build.0 = Release|Any CPU
		{5510181F-6679-4916-90A9-07974980B890}.Release|Any CPU.Deploy.0 = Release|Any CPU
		{5510181F-6679-4916-90A9-07974980B890}.Release|ARM.ActiveCfg = Release|Any CPU
		{5510181F-6679-4916-90A9-07974980B890}.Release|ARM.Build.0 = Release|Any CPU
		{5510181F-6679-4916-90A9-07974980B890}.Release|ARM.Deploy.0 = Release|Any CPU
		{5510181F-6679-4916-90A9-07974980B890}.Release|iPhone.ActiveCfg = Release|Any CPU
		{5510181F-6679-4916-90A9-07974980B890}.Release|iPhone.Build.0 = Release|Any CPU
		{5510181F-6679-4916-90A9-07974980B890}.Release|iPhone.Deploy.0 = Release|Any CPU
		{5510181F-6679-4916-90A9-07974980B890}.Release|iPhoneSimulator.ActiveCfg = Release|Any CPU
		{5510181F-6679-4916-90A9-07974980B890}.Release|iPhoneSimulator.Build.0 = Release|Any CPU
		{5510181F-6679-4916-90A9-07974980B890}.Release|iPhoneSimulator.Deploy.0 = Release|Any CPU
		{5510181F-6679-4916-90A9-07974980B890}.Release|x64.ActiveCfg = Release|Any CPU
		{5510181F-6679-4916-90A9-07974980B890}.Release|x64.Build.0 = Release|Any CPU
		{5510181F-6679-4916-90A9-07974980B890}.Release|x64.Deploy.0 = Release|Any CPU
		{5510181F-6679-4916-90A9-07974980B890}.Release|x86.ActiveCfg = Release|Any CPU
		{5510181F-6679-4916-90A9-07974980B890}.Release|x86.Build.0 = Release|Any CPU
		{5510181F-6679-4916-90A9-07974980B890}.Release|x86.Deploy.0 = Release|Any CPU
	EndGlobalSection
	GlobalSection(SolutionProperties) = preSolution
		HideSolutionNode = FALSE
	EndGlobalSection
	GlobalSection(ExtensibilityGlobals) = postSolution
		SolutionGuid = {B97508C3-A693-488E-AB1C-56585FB7BAE8}
	EndGlobalSection
EndGlobal
